<?xml version="1.0" encoding="utf-8"?>
<Project ToolsVersion="4.0" xmlns="http://schemas.microsoft.com/developer/msbuild/2003">
  <ItemGroup>
    <Filter Include="util">
      <UniqueIdentifier>{76f63abe-dacf-423a-85f6-56b679a2a892}</UniqueIdentifier>
    </Filter>
    <Filter Include="source">
      <UniqueIdentifier>{fca16c96-6b2d-4420-8213-b4384f5c0954}</UniqueIdentifier>
    </Filter>
  </ItemGroup>
  <ItemGroup>
    <ClCompile Include="assignment1a.c">
      <Filter>source</Filter>
    </ClCompile>
    <ClCompile Include="main.c">
      <Filter>source</Filter>
    </ClCompile>
    <ClCompile Include="assignment1a_test.c">
      <Filter>source</Filter>
    </ClCompile>
  </ItemGroup>
  <ItemGroup>
    <ClInclude Include="main.h">
      <Filter>source</Filter>
    </ClInclude>
    <ClInclude Include="assignment1a.h">
      <Filter>source</Filter>
    </ClInclude>
    <ClInclude Include="assignment1a_test.h">
      <Filter>source</Filter>
    </ClInclude>
  </ItemGroup>
  <ItemGroup>
    <None Include="CLEAN.BAT">
      <Filter>util</Filter>
    </None>
    <None Include="CYGWIN.BAT">
      <Filter>util</Filter>
    </None>
    <None Include="DEBUG.BAT">
      <Filter>util</Filter>
    </None>
    <None Include="REBUILD.BAT">
      <Filter>util</Filter>
    </None>
    <None Include="RUN.BAT">
      <Filter>util</Filter>
    </None>
    <None Include="BUILD.BAT">
      <Filter>util</Filter>
    </None>
    <None Include="RUNTEST.BAT">
      <Filter>util</Filter>
    </None>
  </ItemGroup>
</Project>